
Microsoft Visual Studio Solution File, Format Version 12.00
# Visual Studio Version 16
VisualStudioVersion = 16.0.32002.261
MinimumVisualStudioVersion = 10.0.40219.1
Project("{8BC9CEB8-8B4A-11D0-8D11-00A0C91BC942}") = "linkedList_procedural", "linkedList_procedural.vcxproj", "{5882F241-3A93-4292-816B-B72FC576C7DF}"
EndProject
Global
	GlobalSection(SolutionConfigurationPlatforms) = preSolution
		Debug|x64 = Debug|x64
		Debug|x86 = Debug|x86
		Release|x64 = Release|x64
		Release|x86 = Release|x86
	EndGlobalSection
	GlobalSection(ProjectConfigurationPlatforms) = postSolution
		{5882F241-3A93-4292-816B-B72FC576C7DF}.Debug|x64.ActiveCfg = Debug|x64
		{5882F241-3A93-4292-816B-B72FC576C7DF}.Debug|x64.Build.0 = Debug|x64
		{5882F241-3A93-4292-816B-B72FC576C7DF}.Debug|x86.ActiveCfg = Debug|Win32
		{5882F241-3A93-4292-816B-B72FC576C7DF}.Debug|x86.Build.0 = Debug|Win32
		{5882F241-3A93-4292-816B-B72FC576C7DF}.Release|x64.ActiveCfg = Release|x64
		{5882F241-3A93-4292-816B-B72FC576C7DF}.Release|x64.Build.0 = Release|x64
		{5882F241-3A93-4292-816B-B72FC576C7DF}.Release|x86.ActiveCfg = Release|Win32
		{5882F241-3A93-4292-816B-B72FC576C7DF}.Release|x86.Build.0 = Release|Win32
	EndGlobalSection
	GlobalSection(SolutionProperties) = preSolution
		HideSolutionNode = FALSE
	EndGlobalSection
	GlobalSection(ExtensibilityGlobals) = postSolution
		SolutionGuid = {B9D43435-17F0-4312-9721-7CE3F445C90C}
	EndGlobalSection
EndGlobal
